
Microsoft Visual Studio Solution File, Format Version 12.00
# Visual Studio 14
VisualStudioVersion = 14.0.25420.1
MinimumVisualStudioVersion = 10.0.40219.1
Project("{FAE04EC0-301F-11D3-BF4B-00C04F79EFBC}") = "SimpleUniversityManagement", "SimpleUniversityManagement\SimpleUniversityManagement.csproj", "{66672335-7E77-4480-8F5F-32D80482449E}"
EndProject
Project("{FAE04EC0-301F-11D3-BF4B-00C04F79EFBC}") = "UniversityResidence", "UniversityResidence\UniversityResidence.csproj", "{5F3E9174-F60E-471C-8683-007584ABD540}"
EndProject
Project("{8BB2217D-0F2D-49D1-97BC-3654ED321F3B}") = "UniversityResidenceWebApp", "UniversityResidenceWebApp\UniversityResidenceWebApp.xproj", "{BD56CDD0-7436-4D6B-B9E4-3833232A4BF8}"
EndProject
Project("{FAE04EC0-301F-11D3-BF4B-00C04F79EFBC}") = "UniversityResidenceConsoleApp", "UniversityResidenceConsoleApp\UniversityResidenceConsoleApp.csproj", "{D102450E-DE9B-4887-A991-541104A5B730}"
EndProject
Global
	GlobalSection(SolutionConfigurationPlatforms) = preSolution
		Debug|Any CPU = Debug|Any CPU
		Release|Any CPU = Release|Any CPU
	EndGlobalSection
	GlobalSection(ProjectConfigurationPlatforms) = postSolution
		{66672335-7E77-4480-8F5F-32D80482449E}.Debug|Any CPU.ActiveCfg = Debug|Any CPU
		{66672335-7E77-4480-8F5F-32D80482449E}.Debug|Any CPU.Build.0 = Debug|Any CPU
		{66672335-7E77-4480-8F5F-32D80482449E}.Release|Any CPU.ActiveCfg = Release|Any CPU
		{66672335-7E77-4480-8F5F-32D80482449E}.Release|Any CPU.Build.0 = Release|Any CPU
		{5F3E9174-F60E-471C-8683-007584ABD540}.Debug|Any CPU.ActiveCfg = Debug|Any CPU
		{5F3E9174-F60E-471C-8683-007584ABD540}.Debug|Any CPU.Build.0 = Debug|Any CPU
		{5F3E9174-F60E-471C-8683-007584ABD540}.Release|Any CPU.ActiveCfg = Release|Any CPU
		{5F3E9174-F60E-471C-8683-007584ABD540}.Release|Any CPU.Build.0 = Release|Any CPU
		{BD56CDD0-7436-4D6B-B9E4-3833232A4BF8}.Debug|Any CPU.ActiveCfg = Debug|Any CPU
		{BD56CDD0-7436-4D6B-B9E4-3833232A4BF8}.Debug|Any CPU.Build.0 = Debug|Any CPU
		{BD56CDD0-7436-4D6B-B9E4-3833232A4BF8}.Release|Any CPU.ActiveCfg = Release|Any CPU
		{BD56CDD0-7436-4D6B-B9E4-3833232A4BF8}.Release|Any CPU.Build.0 = Release|Any CPU
		{D102450E-DE9B-4887-A991-541104A5B730}.Debug|Any CPU.ActiveCfg = Debug|Any CPU
		{D102450E-DE9B-4887-A991-541104A5B730}.Debug|Any CPU.Build.0 = Debug|Any CPU
		{D102450E-DE9B-4887-A991-541104A5B730}.Release|Any CPU.ActiveCfg = Release|Any CPU
		{D102450E-DE9B-4887-A991-541104A5B730}.Release|Any CPU.Build.0 = Release|Any CPU
	EndGlobalSection
	GlobalSection(SolutionProperties) = preSolution
		HideSolutionNode = FALSE
	EndGlobalSection
EndGlobal
